# Pinned upstream revisions for the GTK2-on-Wayland stack.
#
# The shim (xlib-wayland) is a separate upstream project.  Every shim
# accommodation for GTK2 belongs there; this file only records which revision
# of it this tree was last tested against.
#
# Format:  NAME=value   (shell-sourceable)

# --- the platform shim -------------------------------------------------------
# A git ref in https://github.com/jmalcolm137/xlib-wayland
XLIB_WAYLAND_REPO=https://github.com/jmalcolm137/xlib-wayland.git
XLIB_WAYLAND_REF=main
# Tested at cec9604: the shim's XIM is a real bridge to the compositor's
# zwp_text_input_v3, so GTK2's im-xim (GTK_IM_MODULE=xim) composes through
# Wayland.  Exercised by scripts/test-ime.sh.

# --- the toolkit under test --------------------------------------------------
# The last GTK+ 2 release published at https://download.gnome.org/sources/gtk+/
GTK2_VERSION=2.24.33
GTK2_TARBALL=gtk+-2.24.33.tar.xz
GTK2_URL=https://download.gnome.org/sources/gtk+/2.24/gtk+-2.24.33.tar.xz
# sha256 of the tarball as served by download.gnome.org
GTK2_SHA256=ac2ac757f5942d318a311a54b0c80b5ef295f299c2a73c632f6bfb1ff49cc6da

# --- the supporting stack (GTK2/MATE/GIMP common denominator) ----------------
# One stack must serve GTK+ 2.24.33, MATE 1.10 and GIMP 2.10.  Two bounds fix
# GLib: GIMP 2.10 needs >= 2.54.2 (2.10.20+ needs 2.56.2), and MATE 1.10
# defines compat functions (e.g. g_strv_equal) that GLib added in 2.60, so a
# 2.60+ GLib collides with it.  GLib 2.56.2 is the common denominator, and it
# is GIMP 2.10's own era (2018).  Everything else only sets lower bounds.
# (glib/atk/pango/gdk-pixbuf/dconf all build via autotools here.)
GLIB_VERSION=2.56.2
ATK_VERSION=2.18.0
PANGO_VERSION=1.38.1
GDK_PIXBUF_VERSION=2.34.0
# dconf is linked by GTK2-era applications for GSettings.  The host's dconf is
# built against a much newer GLib and needs symbols GLib 2.48 does not have.
DCONF_VERSION=0.26.0
# libxklavier: libmatekbd and mate-settings-daemon need it.  The host's copy is
# built against GLib 2.80 and cannot load with GLib 2.48.
LIBXKLAVIER_VERSION=5.4
# libunique 1.0 (GTK2): caja's single-instance mechanism.
LIBUNIQUE_VERSION=1.1.6
# gtksourceview 2.x (GTK2): pluma's editor widget.
GTKSOURCEVIEW_VERSION=2.10.5
# PCRE 1.x and vte 0.28 (GTK2): mate-terminal's terminal widget.
PCRE_VERSION=8.45
VTE_VERSION=0.28.2
# libwnck 2.30 (GTK2): marco, mate-panel, mate-applets; libsoup 2.54 for
# libmateweather (host libsoup 2.74 requires GLib >= 2.58).
LIBWNCK_VERSION=2.30.7
LIBSOUP_VERSION=2.54.1
# libgtop (marco, mate-system-monitor) and libcanberra-gtk (marco,
# mate-settings-daemon, mate-media).  Host copies need a newer GLib.
LIBGTOP_VERSION=2.40.0
LIBCANBERRA_VERSION=0.30
# librsvg 2.40 (needs libcroco) for mate-panel/clock: host librsvg requires
# GLib >= 2.50.
LIBCROCO_VERSION=0.6.13
LIBRSVG_VERSION=2.40.20
# The gtkmm 2.4 C++ bindings for mate-system-monitor (glibmm 2.48 matches the
# era GLib 2.48; gtkmm 2.24 is the GTK2 binding).
LIBSIGCPP_VERSION=2.10.0
GLIBMM_VERSION=2.48.1
CAIROMM_VERSION=1.12.0
PANGOMM_VERSION=2.40.1
ATKMM_VERSION=2.24.2
GTKMM_VERSION=2.24.5
# poppler-glib: atril (PDF) and GIMP's PDF import.  GIMP 2.10.24 requires
# poppler-glib >= 0.50.0; atril only needs >= 0.16, so one build serves both.
POPPLER_VERSION=0.50.0

# --- GIMP 2.10 ---------------------------------------------------------------
# GIMP 2.10 is the last GTK2 GIMP.  It is a GEGL-based application: babl and
# GEGL are its paint/processing engine and libmypaint supplies the MyPaint
# brush tool.  GIMP 2.10.24 requires GLib 2.56.2, GEGL 0.4.26, babl 0.1.78 and
# libmypaint 1.3.0; we build GEGL 0.4.30 (which additionally needs json-glib)
# and libmypaint 1.6.x.  mypaint-brushes is the brush preset data package.
GIMP_VERSION=2.10.24
GEGL_VERSION=0.4.30
# GIMP 2.10.24 only needs babl >= 0.1.78, but 0.1.78's meson.build uses the
# pre-1.0 `Description:` keyword that modern meson rejects; babl 0.1.94 is the
# first release that dropped it (the 0.1.x series is API-stable).
BABL_VERSION=0.1.94
JSON_GLIB_VERSION=1.4.4
LIBMYPAINT_VERSION=1.6.1
MYPAINT_BRUSHES_VERSION=1.3.0
# gexiv2 wraps Exiv2 for GIMP's metadata editor.  GIMP 2.10.24 requires
# >= 0.10.6; the host Exiv2 is 0.28, which only gexiv2 >= 0.14 supports, and
# 0.14 still exports every call GIMP 2.10.24 makes.
GEXIV2_VERSION=0.14.3
# glib-networking supplies the GIO TLS backend; GIMP's configure runs
# g_tls_backend_supports_tls() and refuses to build without it.  2.56 matches
# the era GLib and builds its gnutls backend against the host GnuTLS.
GLIB_NETWORKING_VERSION=2.56.1

# --- the compositor used for the test suite ----------------------------------
# Distro packages are extracted into a local prefix (no root needed); see
# scripts/setup-labwc.sh.  Versions are the Arch/EndeavourOS packages used.
LABWC_VERSION=0.20.2
LIBSFDO_VERSION=0.1.4

# --- the test harness --------------------------------------------------------
# GTest binaries are driven by gtester.  The prefix's GLib 2.66 ships gtester
# and gtester-report; on hosts where GLib has removed them (after 2.60),
# stage_glib_tools stages the distro's glib2-devel package to obtain them.
GTESTER=prefix-or-glib2-devel
